
Microsoft Visual Studio Solution File, Format Version 12.00
Project("{2150E333-8FDC-42A3-9474-1A3956D46DE8}") = "src", "src", "{31D6C5C3-1B21-4DB5-B96F-230CE4839BEA}"
	ProjectSection(SolutionItems) = preProject
		src\README.md = src\README.md
	EndProjectSection
EndProject
Project("{2150E333-8FDC-42A3-9474-1A3956D46DE8}") = "services", "services", "{09322C50-091A-4AB1-ACFC-07083219313D}"
EndProject
Project("{2150E333-8FDC-42A3-9474-1A3956D46DE8}") = "Identity", "Identity", "{1D78C6CD-AFDA-4FFF-9038-CAD56EC250E8}"
EndProject
Project("{FAE04EC0-301F-11D3-BF4B-00C04F79EFBC}") = "Identity.API", "src\Services\Identity\Identity.API\Identity.API.csproj", "{D6A45F54-7771-435A-B7EF-E996C85111C9}"
EndProject
Project("{2150E333-8FDC-42A3-9474-1A3956D46DE8}") = "Assessment", "Assessment", "{1FA7CE64-644C-484A-AD22-B4AC99E3BF87}"
EndProject
Project("{2150E333-8FDC-42A3-9474-1A3956D46DE8}") = "src", "src", "{5C8B0E5C-2D5E-4ADA-AB44-3C5E97FE7CCE}"
EndProject
Project("{2150E333-8FDC-42A3-9474-1A3956D46DE8}") = "Application", "Application", "{4BBB66C6-279F-4512-88D9-4A583AD10962}"
EndProject
Project("{FAE04EC0-301F-11D3-BF4B-00C04F79EFBC}") = "Application", "src\Services\Assessment\src\Application\Application.csproj", "{8A539605-3E90-4DC3-92E6-575820B695C1}"
EndProject
Project("{2150E333-8FDC-42A3-9474-1A3956D46DE8}") = "Domain", "Domain", "{070E25AE-AEA9-4078-9308-48195CC56D8D}"
EndProject
Project("{FAE04EC0-301F-11D3-BF4B-00C04F79EFBC}") = "Domain", "src\Services\Assessment\src\Domain\Domain.csproj", "{7226CBB7-DA39-4C19-BBE0-D1F47D9B8ABF}"
EndProject
Project("{2150E333-8FDC-42A3-9474-1A3956D46DE8}") = "Infrastructure", "Infrastructure", "{421AEAC6-2848-4D0E-89C0-EA9AA7F098B2}"
EndProject
Project("{FAE04EC0-301F-11D3-BF4B-00C04F79EFBC}") = "Infrastructure", "src\Services\Assessment\src\Infrastructure\Infrastructure.csproj", "{79577A16-8054-49B0-8BC7-0B1FC89E090B}"
EndProject
Project("{2150E333-8FDC-42A3-9474-1A3956D46DE8}") = "WebUI", "WebUI", "{3956AB44-5A41-4C57-A434-7B5295B70861}"
EndProject
Project("{FAE04EC0-301F-11D3-BF4B-00C04F79EFBC}") = "WebUI", "src\Services\Assessment\src\WebUI\WebUI.csproj", "{F3BA16A5-16FF-4842-B487-D56452929B51}"
EndProject
Project("{2150E333-8FDC-42A3-9474-1A3956D46DE8}") = "tests", "tests", "{86866873-5D2B-4998-8707-82CCE234384B}"
EndProject
Project("{2150E333-8FDC-42A3-9474-1A3956D46DE8}") = "Application.IntegrationTests", "Application.IntegrationTests", "{97B5EB1A-0CE2-4EAE-87F5-A32EDE79D539}"
EndProject
Project("{FAE04EC0-301F-11D3-BF4B-00C04F79EFBC}") = "Application.IntegrationTests", "src\Services\Assessment\tests\Application.IntegrationTests\Application.IntegrationTests.csproj", "{5CD89A4E-3E74-4301-8C5D-C9FF064B049A}"
EndProject
Project("{2150E333-8FDC-42A3-9474-1A3956D46DE8}") = "Application.UnitTests", "Application.UnitTests", "{F606EDC0-1BF4-45CE-91CE-B5C3FA5FBEF9}"
EndProject
Project("{FAE04EC0-301F-11D3-BF4B-00C04F79EFBC}") = "Application.UnitTests", "src\Services\Assessment\tests\Application.UnitTests\Application.UnitTests.csproj", "{C76669B1-34A1-4646-AD51-28BBC9409B6A}"
EndProject
Project("{2150E333-8FDC-42A3-9474-1A3956D46DE8}") = "Domain.UnitTests", "Domain.UnitTests", "{0912282B-46DD-48AA-8008-EADF3B845CB0}"
EndProject
Project("{FAE04EC0-301F-11D3-BF4B-00C04F79EFBC}") = "Domain.UnitTests", "src\Services\Assessment\tests\Domain.UnitTests\Domain.UnitTests.csproj", "{ADB365D1-CBA1-4083-90E0-18696DDF08D9}"
EndProject
Project("{2150E333-8FDC-42A3-9474-1A3956D46DE8}") = "WebUI.AcceptanceTests", "WebUI.AcceptanceTests", "{6624198A-1811-49BD-8A08-170A2C6EC0BE}"
EndProject
Project("{FAE04EC0-301F-11D3-BF4B-00C04F79EFBC}") = "WebUI.AcceptanceTests", "src\Services\Assessment\tests\WebUI.AcceptanceTests\WebUI.AcceptanceTests.csproj", "{DE3DF9E3-16D8-4567-A165-9CF8F67C8578}"
EndProject
Global
	GlobalSection(SolutionConfigurationPlatforms) = preSolution
		Debug|Any CPU = Debug|Any CPU
		Release|Any CPU = Release|Any CPU
	EndGlobalSection
	GlobalSection(NestedProjects) = preSolution
		{09322C50-091A-4AB1-ACFC-07083219313D} = {31D6C5C3-1B21-4DB5-B96F-230CE4839BEA}
		{1D78C6CD-AFDA-4FFF-9038-CAD56EC250E8} = {09322C50-091A-4AB1-ACFC-07083219313D}
		{D6A45F54-7771-435A-B7EF-E996C85111C9} = {1D78C6CD-AFDA-4FFF-9038-CAD56EC250E8}
		{1FA7CE64-644C-484A-AD22-B4AC99E3BF87} = {09322C50-091A-4AB1-ACFC-07083219313D}
		{5C8B0E5C-2D5E-4ADA-AB44-3C5E97FE7CCE} = {1FA7CE64-644C-484A-AD22-B4AC99E3BF87}
		{4BBB66C6-279F-4512-88D9-4A583AD10962} = {5C8B0E5C-2D5E-4ADA-AB44-3C5E97FE7CCE}
		{8A539605-3E90-4DC3-92E6-575820B695C1} = {4BBB66C6-279F-4512-88D9-4A583AD10962}
		{070E25AE-AEA9-4078-9308-48195CC56D8D} = {5C8B0E5C-2D5E-4ADA-AB44-3C5E97FE7CCE}
		{7226CBB7-DA39-4C19-BBE0-D1F47D9B8ABF} = {070E25AE-AEA9-4078-9308-48195CC56D8D}
		{421AEAC6-2848-4D0E-89C0-EA9AA7F098B2} = {5C8B0E5C-2D5E-4ADA-AB44-3C5E97FE7CCE}
		{79577A16-8054-49B0-8BC7-0B1FC89E090B} = {421AEAC6-2848-4D0E-89C0-EA9AA7F098B2}
		{3956AB44-5A41-4C57-A434-7B5295B70861} = {5C8B0E5C-2D5E-4ADA-AB44-3C5E97FE7CCE}
		{F3BA16A5-16FF-4842-B487-D56452929B51} = {3956AB44-5A41-4C57-A434-7B5295B70861}
		{86866873-5D2B-4998-8707-82CCE234384B} = {1FA7CE64-644C-484A-AD22-B4AC99E3BF87}
		{97B5EB1A-0CE2-4EAE-87F5-A32EDE79D539} = {86866873-5D2B-4998-8707-82CCE234384B}
		{5CD89A4E-3E74-4301-8C5D-C9FF064B049A} = {97B5EB1A-0CE2-4EAE-87F5-A32EDE79D539}
		{F606EDC0-1BF4-45CE-91CE-B5C3FA5FBEF9} = {86866873-5D2B-4998-8707-82CCE234384B}
		{C76669B1-34A1-4646-AD51-28BBC9409B6A} = {F606EDC0-1BF4-45CE-91CE-B5C3FA5FBEF9}
		{0912282B-46DD-48AA-8008-EADF3B845CB0} = {86866873-5D2B-4998-8707-82CCE234384B}
		{ADB365D1-CBA1-4083-90E0-18696DDF08D9} = {0912282B-46DD-48AA-8008-EADF3B845CB0}
		{6624198A-1811-49BD-8A08-170A2C6EC0BE} = {86866873-5D2B-4998-8707-82CCE234384B}
		{DE3DF9E3-16D8-4567-A165-9CF8F67C8578} = {6624198A-1811-49BD-8A08-170A2C6EC0BE}
	EndGlobalSection
	GlobalSection(ProjectConfigurationPlatforms) = postSolution
		{D6A45F54-7771-435A-B7EF-E996C85111C9}.Debug|Any CPU.ActiveCfg = Debug|Any CPU
		{D6A45F54-7771-435A-B7EF-E996C85111C9}.Debug|Any CPU.Build.0 = Debug|Any CPU
		{D6A45F54-7771-435A-B7EF-E996C85111C9}.Release|Any CPU.ActiveCfg = Release|Any CPU
		{D6A45F54-7771-435A-B7EF-E996C85111C9}.Release|Any CPU.Build.0 = Release|Any CPU
		{8A539605-3E90-4DC3-92E6-575820B695C1}.Debug|Any CPU.ActiveCfg = Debug|Any CPU
		{8A539605-3E90-4DC3-92E6-575820B695C1}.Debug|Any CPU.Build.0 = Debug|Any CPU
		{8A539605-3E90-4DC3-92E6-575820B695C1}.Release|Any CPU.ActiveCfg = Release|Any CPU
		{8A539605-3E90-4DC3-92E6-575820B695C1}.Release|Any CPU.Build.0 = Release|Any CPU
		{7226CBB7-DA39-4C19-BBE0-D1F47D9B8ABF}.Debug|Any CPU.ActiveCfg = Debug|Any CPU
		{7226CBB7-DA39-4C19-BBE0-D1F47D9B8ABF}.Debug|Any CPU.Build.0 = Debug|Any CPU
		{7226CBB7-DA39-4C19-BBE0-D1F47D9B8ABF}.Release|Any CPU.ActiveCfg = Release|Any CPU
		{7226CBB7-DA39-4C19-BBE0-D1F47D9B8ABF}.Release|Any CPU.Build.0 = Release|Any CPU
		{79577A16-8054-49B0-8BC7-0B1FC89E090B}.Debug|Any CPU.ActiveCfg = Debug|Any CPU
		{79577A16-8054-49B0-8BC7-0B1FC89E090B}.Debug|Any CPU.Build.0 = Debug|Any CPU
		{79577A16-8054-49B0-8BC7-0B1FC89E090B}.Release|Any CPU.ActiveCfg = Release|Any CPU
		{79577A16-8054-49B0-8BC7-0B1FC89E090B}.Release|Any CPU.Build.0 = Release|Any CPU
		{F3BA16A5-16FF-4842-B487-D56452929B51}.Debug|Any CPU.ActiveCfg = Debug|Any CPU
		{F3BA16A5-16FF-4842-B487-D56452929B51}.Debug|Any CPU.Build.0 = Debug|Any CPU
		{F3BA16A5-16FF-4842-B487-D56452929B51}.Release|Any CPU.ActiveCfg = Release|Any CPU
		{F3BA16A5-16FF-4842-B487-D56452929B51}.Release|Any CPU.Build.0 = Release|Any CPU
		{5CD89A4E-3E74-4301-8C5D-C9FF064B049A}.Debug|Any CPU.ActiveCfg = Debug|Any CPU
		{5CD89A4E-3E74-4301-8C5D-C9FF064B049A}.Debug|Any CPU.Build.0 = Debug|Any CPU
		{5CD89A4E-3E74-4301-8C5D-C9FF064B049A}.Release|Any CPU.ActiveCfg = Release|Any CPU
		{5CD89A4E-3E74-4301-8C5D-C9FF064B049A}.Release|Any CPU.Build.0 = Release|Any CPU
		{C76669B1-34A1-4646-AD51-28BBC9409B6A}.Debug|Any CPU.ActiveCfg = Debug|Any CPU
		{C76669B1-34A1-4646-AD51-28BBC9409B6A}.Debug|Any CPU.Build.0 = Debug|Any CPU
		{C76669B1-34A1-4646-AD51-28BBC9409B6A}.Release|Any CPU.ActiveCfg = Release|Any CPU
		{C76669B1-34A1-4646-AD51-28BBC9409B6A}.Release|Any CPU.Build.0 = Release|Any CPU
		{ADB365D1-CBA1-4083-90E0-18696DDF08D9}.Debug|Any CPU.ActiveCfg = Debug|Any CPU
		{ADB365D1-CBA1-4083-90E0-18696DDF08D9}.Debug|Any CPU.Build.0 = Debug|Any CPU
		{ADB365D1-CBA1-4083-90E0-18696DDF08D9}.Release|Any CPU.ActiveCfg = Release|Any CPU
		{ADB365D1-CBA1-4083-90E0-18696DDF08D9}.Release|Any CPU.Build.0 = Release|Any CPU
		{DE3DF9E3-16D8-4567-A165-9CF8F67C8578}.Debug|Any CPU.ActiveCfg = Debug|Any CPU
		{DE3DF9E3-16D8-4567-A165-9CF8F67C8578}.Debug|Any CPU.Build.0 = Debug|Any CPU
		{DE3DF9E3-16D8-4567-A165-9CF8F67C8578}.Release|Any CPU.ActiveCfg = Release|Any CPU
		{DE3DF9E3-16D8-4567-A165-9CF8F67C8578}.Release|Any CPU.Build.0 = Release|Any CPU
	EndGlobalSection
EndGlobal
