
Microsoft Visual Studio Solution File, Format Version 12.00
Project("{2150E333-8FDC-42A3-9474-1A3956D46DE8}") = "src", "src", "{31D6C5C3-1B21-4DB5-B96F-230CE4839BEA}"
	ProjectSection(SolutionItems) = preProject
		src\README.md = src\README.md
	EndProjectSection
EndProject
Project("{2150E333-8FDC-42A3-9474-1A3956D46DE8}") = "services", "services", "{09322C50-091A-4AB1-ACFC-07083219313D}"
EndProject
Project("{2150E333-8FDC-42A3-9474-1A3956D46DE8}") = "Identity", "Identity", "{1D78C6CD-AFDA-4FFF-9038-CAD56EC250E8}"
EndProject
Project("{FAE04EC0-301F-11D3-BF4B-00C04F79EFBC}") = "Identity.API", "src\Services\Identity\Identity.API\Identity.API.csproj", "{D6A45F54-7771-435A-B7EF-E996C85111C9}"
EndProject
Project("{2150E333-8FDC-42A3-9474-1A3956D46DE8}") = "Assessment", "Assessment", "{1FA7CE64-644C-484A-AD22-B4AC99E3BF87}"
EndProject
Project("{2150E333-8FDC-42A3-9474-1A3956D46DE8}") = "src", "src", "{5C8B0E5C-2D5E-4ADA-AB44-3C5E97FE7CCE}"
EndProject
Project("{2150E333-8FDC-42A3-9474-1A3956D46DE8}") = "Application", "Application", "{4BBB66C6-279F-4512-88D9-4A583AD10962}"
EndProject
Project("{FAE04EC0-301F-11D3-BF4B-00C04F79EFBC}") = "Application", "src\Services\Assessment\src\Application\Application.csproj", "{8A539605-3E90-4DC3-92E6-575820B695C1}"
EndProject
Project("{2150E333-8FDC-42A3-9474-1A3956D46DE8}") = "Domain", "Domain", "{070E25AE-AEA9-4078-9308-48195CC56D8D}"
EndProject
Project("{FAE04EC0-301F-11D3-BF4B-00C04F79EFBC}") = "Domain", "src\Services\Assessment\src\Domain\Domain.csproj", "{7226CBB7-DA39-4C19-BBE0-D1F47D9B8ABF}"
EndProject
Project("{2150E333-8FDC-42A3-9474-1A3956D46DE8}") = "Infrastructure", "Infrastructure", "{421AEAC6-2848-4D0E-89C0-EA9AA7F098B2}"
EndProject
Project("{FAE04EC0-301F-11D3-BF4B-00C04F79EFBC}") = "Infrastructure", "src\Services\Assessment\src\Infrastructure\Infrastructure.csproj", "{79577A16-8054-49B0-8BC7-0B1FC89E090B}"
EndProject
Project("{2150E333-8FDC-42A3-9474-1A3956D46DE8}") = "WebUI", "WebUI", "{3956AB44-5A41-4C57-A434-7B5295B70861}"
EndProject
Project("{FAE04EC0-301F-11D3-BF4B-00C04F79EFBC}") = "WebUI", "src\Services\Assessment\src\WebUI\WebUI.csproj", "{F3BA16A5-16FF-4842-B487-D56452929B51}"
EndProject
Project("{2150E333-8FDC-42A3-9474-1A3956D46DE8}") = "tests", "tests", "{86866873-5D2B-4998-8707-82CCE234384B}"
EndProject
Project("{2150E333-8FDC-42A3-9474-1A3956D46DE8}") = "Application.IntegrationTests", "Application.IntegrationTests", "{97B5EB1A-0CE2-4EAE-87F5-A32EDE79D539}"
EndProject
Project("{FAE04EC0-301F-11D3-BF4B-00C04F79EFBC}") = "Application.IntegrationTests", "src\Services\Assessment\tests\Application.IntegrationTests\Application.IntegrationTests.csproj", "{5CD89A4E-3E74-4301-8C5D-C9FF064B049A}"
EndProject
Project("{2150E333-8FDC-42A3-9474-1A3956D46DE8}") = "Application.UnitTests", "Application.UnitTests", "{F606EDC0-1BF4-45CE-91CE-B5C3FA5FBEF9}"
EndProject
Project("{FAE04EC0-301F-11D3-BF4B-00C04F79EFBC}") = "Application.UnitTests", "src\Services\Assessment\tests\Application.UnitTests\Application.UnitTests.csproj", "{C76669B1-34A1-4646-AD51-28BBC9409B6A}"
EndProject
Project("{2150E333-8FDC-42A3-9474-1A3956D46DE8}") = "Domain.UnitTests", "Domain.UnitTests", "{0912282B-46DD-48AA-8008-EADF3B845CB0}"
EndProject
Project("{FAE04EC0-301F-11D3-BF4B-00C04F79EFBC}") = "Domain.UnitTests", "src\Services\Assessment\tests\Domain.UnitTests\Domain.UnitTests.csproj", "{ADB365D1-CBA1-4083-90E0-18696DDF08D9}"
EndProject
Project("{2150E333-8FDC-42A3-9474-1A3956D46DE8}") = "WebUI.AcceptanceTests", "WebUI.AcceptanceTests", "{6624198A-1811-49BD-8A08-170A2C6EC0BE}"
EndProject
Project("{FAE04EC0-301F-11D3-BF4B-00C04F79EFBC}") = "WebUI.AcceptanceTests", "src\Services\Assessment\tests\WebUI.AcceptanceTests\WebUI.AcceptanceTests.csproj", "{DE3DF9E3-16D8-4567-A165-9CF8F67C8578}"
EndProject
Project("{2150E333-8FDC-42A3-9474-1A3956D46DE8}") = "Account", "Account", "{66C9336D-E531-4032-A066-31496E04C589}"
EndProject
Project("{2150E333-8FDC-42A3-9474-1A3956D46DE8}") = "src", "src", "{5EBEFC58-A031-4688-9270-3868F40E3719}"
EndProject
Project("{2150E333-8FDC-42A3-9474-1A3956D46DE8}") = "Application", "Application", "{1EEE01B4-644F-479B-BF1D-09CD6700F439}"
EndProject
Project("{FAE04EC0-301F-11D3-BF4B-00C04F79EFBC}") = "Application", "src\Services\Account\src\Application\Application.csproj", "{3979349E-60D2-4CF4-9B21-7D086D4F0B33}"
EndProject
Project("{2150E333-8FDC-42A3-9474-1A3956D46DE8}") = "Domain", "Domain", "{355FFB6B-8274-4008-8CFA-A27180FA5427}"
EndProject
Project("{FAE04EC0-301F-11D3-BF4B-00C04F79EFBC}") = "Domain", "src\Services\Account\src\Domain\Domain.csproj", "{99534BCF-AE02-4621-BFB9-58FD2B377172}"
EndProject
Project("{2150E333-8FDC-42A3-9474-1A3956D46DE8}") = "Infrastructure", "Infrastructure", "{EA9645F9-CEF6-447E-BCE4-25C3C1842921}"
EndProject
Project("{FAE04EC0-301F-11D3-BF4B-00C04F79EFBC}") = "Infrastructure", "src\Services\Account\src\Infrastructure\Infrastructure.csproj", "{A8558CCF-294C-4A1D-8A8B-CC508B1BFCEF}"
EndProject
Project("{2150E333-8FDC-42A3-9474-1A3956D46DE8}") = "WebUI", "WebUI", "{E234AE62-96C8-4DF2-974B-2FD208F67DFE}"
EndProject
Project("{FAE04EC0-301F-11D3-BF4B-00C04F79EFBC}") = "WebUI", "src\Services\Account\src\WebUI\WebUI.csproj", "{53674DFA-53D3-467C-9050-0964DAC768FA}"
EndProject
Project("{2150E333-8FDC-42A3-9474-1A3956D46DE8}") = "tests", "tests", "{868E4759-BD99-4B40-9C59-67D470803880}"
EndProject
Project("{2150E333-8FDC-42A3-9474-1A3956D46DE8}") = "Application.IntegrationTests", "Application.IntegrationTests", "{EBB16334-334A-43C6-91C7-16E35FE73842}"
EndProject
Project("{FAE04EC0-301F-11D3-BF4B-00C04F79EFBC}") = "Application.IntegrationTests", "src\Services\Account\tests\Application.IntegrationTests\Application.IntegrationTests.csproj", "{21508DE6-C618-47B8-9BBF-7E07D554F838}"
EndProject
Project("{2150E333-8FDC-42A3-9474-1A3956D46DE8}") = "Application.UnitTests", "Application.UnitTests", "{139D79CB-2D2E-45EE-8963-C567BB6C0FD1}"
EndProject
Project("{FAE04EC0-301F-11D3-BF4B-00C04F79EFBC}") = "Application.UnitTests", "src\Services\Account\tests\Application.UnitTests\Application.UnitTests.csproj", "{D33D0B42-837F-4867-BE00-B15BDB3097D3}"
EndProject
Project("{2150E333-8FDC-42A3-9474-1A3956D46DE8}") = "Domain.UnitTests", "Domain.UnitTests", "{E3226E14-9656-4296-A693-ADEB2E9AE59B}"
EndProject
Project("{FAE04EC0-301F-11D3-BF4B-00C04F79EFBC}") = "Domain.UnitTests", "src\Services\Account\tests\Domain.UnitTests\Domain.UnitTests.csproj", "{5F1A046D-CABA-4D52-82DF-608840CC743D}"
EndProject
Project("{2150E333-8FDC-42A3-9474-1A3956D46DE8}") = "WebUI.AcceptanceTests", "WebUI.AcceptanceTests", "{D7F33598-E9F0-4CD5-B532-24DC8D760C35}"
EndProject
Project("{FAE04EC0-301F-11D3-BF4B-00C04F79EFBC}") = "WebUI.AcceptanceTests", "src\Services\Account\tests\WebUI.AcceptanceTests\WebUI.AcceptanceTests.csproj", "{E98289DF-E006-4B42-8619-48570031A4D0}"
EndProject
Project("{2150E333-8FDC-42A3-9474-1A3956D46DE8}") = "shared", "shared", "{9672EEE3-D08C-492F-A0BA-61DC655B84BE}"
EndProject
Project("{FAE04EC0-301F-11D3-BF4B-00C04F79EFBC}") = "Shared", "src\Shared\Shared.csproj", "{846CD692-83E5-4AC6-A37C-F1FB70CDDD9B}"
EndProject
Global
	GlobalSection(SolutionConfigurationPlatforms) = preSolution
		Debug|Any CPU = Debug|Any CPU
		Release|Any CPU = Release|Any CPU
	EndGlobalSection
	GlobalSection(NestedProjects) = preSolution
		{09322C50-091A-4AB1-ACFC-07083219313D} = {31D6C5C3-1B21-4DB5-B96F-230CE4839BEA}
		{1D78C6CD-AFDA-4FFF-9038-CAD56EC250E8} = {09322C50-091A-4AB1-ACFC-07083219313D}
		{D6A45F54-7771-435A-B7EF-E996C85111C9} = {1D78C6CD-AFDA-4FFF-9038-CAD56EC250E8}
		{1FA7CE64-644C-484A-AD22-B4AC99E3BF87} = {09322C50-091A-4AB1-ACFC-07083219313D}
		{5C8B0E5C-2D5E-4ADA-AB44-3C5E97FE7CCE} = {1FA7CE64-644C-484A-AD22-B4AC99E3BF87}
		{4BBB66C6-279F-4512-88D9-4A583AD10962} = {5C8B0E5C-2D5E-4ADA-AB44-3C5E97FE7CCE}
		{8A539605-3E90-4DC3-92E6-575820B695C1} = {4BBB66C6-279F-4512-88D9-4A583AD10962}
		{070E25AE-AEA9-4078-9308-48195CC56D8D} = {5C8B0E5C-2D5E-4ADA-AB44-3C5E97FE7CCE}
		{7226CBB7-DA39-4C19-BBE0-D1F47D9B8ABF} = {070E25AE-AEA9-4078-9308-48195CC56D8D}
		{421AEAC6-2848-4D0E-89C0-EA9AA7F098B2} = {5C8B0E5C-2D5E-4ADA-AB44-3C5E97FE7CCE}
		{79577A16-8054-49B0-8BC7-0B1FC89E090B} = {421AEAC6-2848-4D0E-89C0-EA9AA7F098B2}
		{3956AB44-5A41-4C57-A434-7B5295B70861} = {5C8B0E5C-2D5E-4ADA-AB44-3C5E97FE7CCE}
		{F3BA16A5-16FF-4842-B487-D56452929B51} = {3956AB44-5A41-4C57-A434-7B5295B70861}
		{86866873-5D2B-4998-8707-82CCE234384B} = {1FA7CE64-644C-484A-AD22-B4AC99E3BF87}
		{97B5EB1A-0CE2-4EAE-87F5-A32EDE79D539} = {86866873-5D2B-4998-8707-82CCE234384B}
		{5CD89A4E-3E74-4301-8C5D-C9FF064B049A} = {97B5EB1A-0CE2-4EAE-87F5-A32EDE79D539}
		{F606EDC0-1BF4-45CE-91CE-B5C3FA5FBEF9} = {86866873-5D2B-4998-8707-82CCE234384B}
		{C76669B1-34A1-4646-AD51-28BBC9409B6A} = {F606EDC0-1BF4-45CE-91CE-B5C3FA5FBEF9}
		{0912282B-46DD-48AA-8008-EADF3B845CB0} = {86866873-5D2B-4998-8707-82CCE234384B}
		{ADB365D1-CBA1-4083-90E0-18696DDF08D9} = {0912282B-46DD-48AA-8008-EADF3B845CB0}
		{6624198A-1811-49BD-8A08-170A2C6EC0BE} = {86866873-5D2B-4998-8707-82CCE234384B}
		{DE3DF9E3-16D8-4567-A165-9CF8F67C8578} = {6624198A-1811-49BD-8A08-170A2C6EC0BE}
		{66C9336D-E531-4032-A066-31496E04C589} = {09322C50-091A-4AB1-ACFC-07083219313D}
		{5EBEFC58-A031-4688-9270-3868F40E3719} = {66C9336D-E531-4032-A066-31496E04C589}
		{1EEE01B4-644F-479B-BF1D-09CD6700F439} = {5EBEFC58-A031-4688-9270-3868F40E3719}
		{3979349E-60D2-4CF4-9B21-7D086D4F0B33} = {1EEE01B4-644F-479B-BF1D-09CD6700F439}
		{355FFB6B-8274-4008-8CFA-A27180FA5427} = {5EBEFC58-A031-4688-9270-3868F40E3719}
		{99534BCF-AE02-4621-BFB9-58FD2B377172} = {355FFB6B-8274-4008-8CFA-A27180FA5427}
		{EA9645F9-CEF6-447E-BCE4-25C3C1842921} = {5EBEFC58-A031-4688-9270-3868F40E3719}
		{A8558CCF-294C-4A1D-8A8B-CC508B1BFCEF} = {EA9645F9-CEF6-447E-BCE4-25C3C1842921}
		{E234AE62-96C8-4DF2-974B-2FD208F67DFE} = {5EBEFC58-A031-4688-9270-3868F40E3719}
		{53674DFA-53D3-467C-9050-0964DAC768FA} = {E234AE62-96C8-4DF2-974B-2FD208F67DFE}
		{868E4759-BD99-4B40-9C59-67D470803880} = {66C9336D-E531-4032-A066-31496E04C589}
		{EBB16334-334A-43C6-91C7-16E35FE73842} = {868E4759-BD99-4B40-9C59-67D470803880}
		{21508DE6-C618-47B8-9BBF-7E07D554F838} = {EBB16334-334A-43C6-91C7-16E35FE73842}
		{139D79CB-2D2E-45EE-8963-C567BB6C0FD1} = {868E4759-BD99-4B40-9C59-67D470803880}
		{D33D0B42-837F-4867-BE00-B15BDB3097D3} = {139D79CB-2D2E-45EE-8963-C567BB6C0FD1}
		{E3226E14-9656-4296-A693-ADEB2E9AE59B} = {868E4759-BD99-4B40-9C59-67D470803880}
		{5F1A046D-CABA-4D52-82DF-608840CC743D} = {E3226E14-9656-4296-A693-ADEB2E9AE59B}
		{D7F33598-E9F0-4CD5-B532-24DC8D760C35} = {868E4759-BD99-4B40-9C59-67D470803880}
		{E98289DF-E006-4B42-8619-48570031A4D0} = {D7F33598-E9F0-4CD5-B532-24DC8D760C35}
		{9672EEE3-D08C-492F-A0BA-61DC655B84BE} = {31D6C5C3-1B21-4DB5-B96F-230CE4839BEA}
		{846CD692-83E5-4AC6-A37C-F1FB70CDDD9B} = {9672EEE3-D08C-492F-A0BA-61DC655B84BE}
	EndGlobalSection
	GlobalSection(ProjectConfigurationPlatforms) = postSolution
		{D6A45F54-7771-435A-B7EF-E996C85111C9}.Debug|Any CPU.ActiveCfg = Debug|Any CPU
		{D6A45F54-7771-435A-B7EF-E996C85111C9}.Debug|Any CPU.Build.0 = Debug|Any CPU
		{D6A45F54-7771-435A-B7EF-E996C85111C9}.Release|Any CPU.ActiveCfg = Release|Any CPU
		{D6A45F54-7771-435A-B7EF-E996C85111C9}.Release|Any CPU.Build.0 = Release|Any CPU
		{8A539605-3E90-4DC3-92E6-575820B695C1}.Debug|Any CPU.ActiveCfg = Debug|Any CPU
		{8A539605-3E90-4DC3-92E6-575820B695C1}.Debug|Any CPU.Build.0 = Debug|Any CPU
		{8A539605-3E90-4DC3-92E6-575820B695C1}.Release|Any CPU.ActiveCfg = Release|Any CPU
		{8A539605-3E90-4DC3-92E6-575820B695C1}.Release|Any CPU.Build.0 = Release|Any CPU
		{7226CBB7-DA39-4C19-BBE0-D1F47D9B8ABF}.Debug|Any CPU.ActiveCfg = Debug|Any CPU
		{7226CBB7-DA39-4C19-BBE0-D1F47D9B8ABF}.Debug|Any CPU.Build.0 = Debug|Any CPU
		{7226CBB7-DA39-4C19-BBE0-D1F47D9B8ABF}.Release|Any CPU.ActiveCfg = Release|Any CPU
		{7226CBB7-DA39-4C19-BBE0-D1F47D9B8ABF}.Release|Any CPU.Build.0 = Release|Any CPU
		{79577A16-8054-49B0-8BC7-0B1FC89E090B}.Debug|Any CPU.ActiveCfg = Debug|Any CPU
		{79577A16-8054-49B0-8BC7-0B1FC89E090B}.Debug|Any CPU.Build.0 = Debug|Any CPU
		{79577A16-8054-49B0-8BC7-0B1FC89E090B}.Release|Any CPU.ActiveCfg = Release|Any CPU
		{79577A16-8054-49B0-8BC7-0B1FC89E090B}.Release|Any CPU.Build.0 = Release|Any CPU
		{F3BA16A5-16FF-4842-B487-D56452929B51}.Debug|Any CPU.ActiveCfg = Debug|Any CPU
		{F3BA16A5-16FF-4842-B487-D56452929B51}.Debug|Any CPU.Build.0 = Debug|Any CPU
		{F3BA16A5-16FF-4842-B487-D56452929B51}.Release|Any CPU.ActiveCfg = Release|Any CPU
		{F3BA16A5-16FF-4842-B487-D56452929B51}.Release|Any CPU.Build.0 = Release|Any CPU
		{5CD89A4E-3E74-4301-8C5D-C9FF064B049A}.Debug|Any CPU.ActiveCfg = Debug|Any CPU
		{5CD89A4E-3E74-4301-8C5D-C9FF064B049A}.Debug|Any CPU.Build.0 = Debug|Any CPU
		{5CD89A4E-3E74-4301-8C5D-C9FF064B049A}.Release|Any CPU.ActiveCfg = Release|Any CPU
		{5CD89A4E-3E74-4301-8C5D-C9FF064B049A}.Release|Any CPU.Build.0 = Release|Any CPU
		{C76669B1-34A1-4646-AD51-28BBC9409B6A}.Debug|Any CPU.ActiveCfg = Debug|Any CPU
		{C76669B1-34A1-4646-AD51-28BBC9409B6A}.Debug|Any CPU.Build.0 = Debug|Any CPU
		{C76669B1-34A1-4646-AD51-28BBC9409B6A}.Release|Any CPU.ActiveCfg = Release|Any CPU
		{C76669B1-34A1-4646-AD51-28BBC9409B6A}.Release|Any CPU.Build.0 = Release|Any CPU
		{ADB365D1-CBA1-4083-90E0-18696DDF08D9}.Debug|Any CPU.ActiveCfg = Debug|Any CPU
		{ADB365D1-CBA1-4083-90E0-18696DDF08D9}.Debug|Any CPU.Build.0 = Debug|Any CPU
		{ADB365D1-CBA1-4083-90E0-18696DDF08D9}.Release|Any CPU.ActiveCfg = Release|Any CPU
		{ADB365D1-CBA1-4083-90E0-18696DDF08D9}.Release|Any CPU.Build.0 = Release|Any CPU
		{DE3DF9E3-16D8-4567-A165-9CF8F67C8578}.Debug|Any CPU.ActiveCfg = Debug|Any CPU
		{DE3DF9E3-16D8-4567-A165-9CF8F67C8578}.Debug|Any CPU.Build.0 = Debug|Any CPU
		{DE3DF9E3-16D8-4567-A165-9CF8F67C8578}.Release|Any CPU.ActiveCfg = Release|Any CPU
		{DE3DF9E3-16D8-4567-A165-9CF8F67C8578}.Release|Any CPU.Build.0 = Release|Any CPU
		{3979349E-60D2-4CF4-9B21-7D086D4F0B33}.Debug|Any CPU.ActiveCfg = Debug|Any CPU
		{3979349E-60D2-4CF4-9B21-7D086D4F0B33}.Debug|Any CPU.Build.0 = Debug|Any CPU
		{3979349E-60D2-4CF4-9B21-7D086D4F0B33}.Release|Any CPU.ActiveCfg = Release|Any CPU
		{3979349E-60D2-4CF4-9B21-7D086D4F0B33}.Release|Any CPU.Build.0 = Release|Any CPU
		{99534BCF-AE02-4621-BFB9-58FD2B377172}.Debug|Any CPU.ActiveCfg = Debug|Any CPU
		{99534BCF-AE02-4621-BFB9-58FD2B377172}.Debug|Any CPU.Build.0 = Debug|Any CPU
		{99534BCF-AE02-4621-BFB9-58FD2B377172}.Release|Any CPU.ActiveCfg = Release|Any CPU
		{99534BCF-AE02-4621-BFB9-58FD2B377172}.Release|Any CPU.Build.0 = Release|Any CPU
		{A8558CCF-294C-4A1D-8A8B-CC508B1BFCEF}.Debug|Any CPU.ActiveCfg = Debug|Any CPU
		{A8558CCF-294C-4A1D-8A8B-CC508B1BFCEF}.Debug|Any CPU.Build.0 = Debug|Any CPU
		{A8558CCF-294C-4A1D-8A8B-CC508B1BFCEF}.Release|Any CPU.ActiveCfg = Release|Any CPU
		{A8558CCF-294C-4A1D-8A8B-CC508B1BFCEF}.Release|Any CPU.Build.0 = Release|Any CPU
		{53674DFA-53D3-467C-9050-0964DAC768FA}.Debug|Any CPU.ActiveCfg = Debug|Any CPU
		{53674DFA-53D3-467C-9050-0964DAC768FA}.Debug|Any CPU.Build.0 = Debug|Any CPU
		{53674DFA-53D3-467C-9050-0964DAC768FA}.Release|Any CPU.ActiveCfg = Release|Any CPU
		{53674DFA-53D3-467C-9050-0964DAC768FA}.Release|Any CPU.Build.0 = Release|Any CPU
		{21508DE6-C618-47B8-9BBF-7E07D554F838}.Debug|Any CPU.ActiveCfg = Debug|Any CPU
		{21508DE6-C618-47B8-9BBF-7E07D554F838}.Debug|Any CPU.Build.0 = Debug|Any CPU
		{21508DE6-C618-47B8-9BBF-7E07D554F838}.Release|Any CPU.ActiveCfg = Release|Any CPU
		{21508DE6-C618-47B8-9BBF-7E07D554F838}.Release|Any CPU.Build.0 = Release|Any CPU
		{D33D0B42-837F-4867-BE00-B15BDB3097D3}.Debug|Any CPU.ActiveCfg = Debug|Any CPU
		{D33D0B42-837F-4867-BE00-B15BDB3097D3}.Debug|Any CPU.Build.0 = Debug|Any CPU
		{D33D0B42-837F-4867-BE00-B15BDB3097D3}.Release|Any CPU.ActiveCfg = Release|Any CPU
		{D33D0B42-837F-4867-BE00-B15BDB3097D3}.Release|Any CPU.Build.0 = Release|Any CPU
		{5F1A046D-CABA-4D52-82DF-608840CC743D}.Debug|Any CPU.ActiveCfg = Debug|Any CPU
		{5F1A046D-CABA-4D52-82DF-608840CC743D}.Debug|Any CPU.Build.0 = Debug|Any CPU
		{5F1A046D-CABA-4D52-82DF-608840CC743D}.Release|Any CPU.ActiveCfg = Release|Any CPU
		{5F1A046D-CABA-4D52-82DF-608840CC743D}.Release|Any CPU.Build.0 = Release|Any CPU
		{E98289DF-E006-4B42-8619-48570031A4D0}.Debug|Any CPU.ActiveCfg = Debug|Any CPU
		{E98289DF-E006-4B42-8619-48570031A4D0}.Debug|Any CPU.Build.0 = Debug|Any CPU
		{E98289DF-E006-4B42-8619-48570031A4D0}.Release|Any CPU.ActiveCfg = Release|Any CPU
		{E98289DF-E006-4B42-8619-48570031A4D0}.Release|Any CPU.Build.0 = Release|Any CPU
		{846CD692-83E5-4AC6-A37C-F1FB70CDDD9B}.Debug|Any CPU.ActiveCfg = Debug|Any CPU
		{846CD692-83E5-4AC6-A37C-F1FB70CDDD9B}.Debug|Any CPU.Build.0 = Debug|Any CPU
		{846CD692-83E5-4AC6-A37C-F1FB70CDDD9B}.Release|Any CPU.ActiveCfg = Release|Any CPU
		{846CD692-83E5-4AC6-A37C-F1FB70CDDD9B}.Release|Any CPU.Build.0 = Release|Any CPU
	EndGlobalSection
EndGlobal
