
Microsoft Visual Studio Solution File, Format Version 12.00
Project("{2150E333-8FDC-42A3-9474-1A3956D46DE8}") = "src", "src", "{31D6C5C3-1B21-4DB5-B96F-230CE4839BEA}"
EndProject
Project("{2150E333-8FDC-42A3-9474-1A3956D46DE8}") = "services", "services", "{09322C50-091A-4AB1-ACFC-07083219313D}"
EndProject
Project("{2150E333-8FDC-42A3-9474-1A3956D46DE8}") = "Identity", "Identity", "{1D78C6CD-AFDA-4FFF-9038-CAD56EC250E8}"
EndProject
Project("{FAE04EC0-301F-11D3-BF4B-00C04F79EFBC}") = "Identity.API", "src\Services\Identity\Identity.API\Identity.API.csproj", "{D6A45F54-7771-435A-B7EF-E996C85111C9}"
EndProject
Project("{2150E333-8FDC-42A3-9474-1A3956D46DE8}") = "Account", "Account", "{2914F41D-232F-47F3-AE8C-FDF1D546E2AF}"
EndProject
Project("{2150E333-8FDC-42A3-9474-1A3956D46DE8}") = "src", "src", "{A5CA7350-4E76-4EEB-8B55-2255FA6FE9A9}"
EndProject
Project("{2150E333-8FDC-42A3-9474-1A3956D46DE8}") = "Application", "Application", "{47883BF7-C669-41D3-936F-8888C378082B}"
EndProject
Project("{FAE04EC0-301F-11D3-BF4B-00C04F79EFBC}") = "Application", "src\Services\Account\src\Application\Application.csproj", "{42EDFF41-7ED0-4CFC-9392-B085C6399540}"
EndProject
Project("{2150E333-8FDC-42A3-9474-1A3956D46DE8}") = "Domain", "Domain", "{1B11D00A-534D-4DE1-8ECD-B7BEDEAD8BD2}"
EndProject
Project("{2150E333-8FDC-42A3-9474-1A3956D46DE8}") = "WebUI", "WebUI", "{0B54DFA9-0E59-45EC-BAD0-9C2FCA8F17BC}"
EndProject
Project("{2150E333-8FDC-42A3-9474-1A3956D46DE8}") = "Infrastructure", "Infrastructure", "{1A51F50F-7567-4F58-8E30-69B9715D554D}"
EndProject
Project("{FAE04EC0-301F-11D3-BF4B-00C04F79EFBC}") = "Domain", "src\Services\Account\src\Domain\Domain.csproj", "{12933A48-B856-45B8-B1EF-AF1BC8050609}"
EndProject
Project("{FAE04EC0-301F-11D3-BF4B-00C04F79EFBC}") = "Infrastructure", "src\Services\Account\src\Infrastructure\Infrastructure.csproj", "{9D98FE0A-ABF8-4A02-8962-7F0C5CFC66E0}"
EndProject
Project("{FAE04EC0-301F-11D3-BF4B-00C04F79EFBC}") = "WebUI", "src\Services\Account\src\WebUI\WebUI.csproj", "{5EFA765E-8597-40B8-8501-74CF4E600055}"
EndProject
Global
	GlobalSection(SolutionConfigurationPlatforms) = preSolution
		Debug|Any CPU = Debug|Any CPU
		Release|Any CPU = Release|Any CPU
	EndGlobalSection
	GlobalSection(NestedProjects) = preSolution
		{09322C50-091A-4AB1-ACFC-07083219313D} = {31D6C5C3-1B21-4DB5-B96F-230CE4839BEA}
		{1D78C6CD-AFDA-4FFF-9038-CAD56EC250E8} = {09322C50-091A-4AB1-ACFC-07083219313D}
		{D6A45F54-7771-435A-B7EF-E996C85111C9} = {1D78C6CD-AFDA-4FFF-9038-CAD56EC250E8}
		{2914F41D-232F-47F3-AE8C-FDF1D546E2AF} = {09322C50-091A-4AB1-ACFC-07083219313D}
		{A5CA7350-4E76-4EEB-8B55-2255FA6FE9A9} = {2914F41D-232F-47F3-AE8C-FDF1D546E2AF}
		{47883BF7-C669-41D3-936F-8888C378082B} = {A5CA7350-4E76-4EEB-8B55-2255FA6FE9A9}
		{42EDFF41-7ED0-4CFC-9392-B085C6399540} = {47883BF7-C669-41D3-936F-8888C378082B}
		{1B11D00A-534D-4DE1-8ECD-B7BEDEAD8BD2} = {A5CA7350-4E76-4EEB-8B55-2255FA6FE9A9}
		{0B54DFA9-0E59-45EC-BAD0-9C2FCA8F17BC} = {A5CA7350-4E76-4EEB-8B55-2255FA6FE9A9}
		{1A51F50F-7567-4F58-8E30-69B9715D554D} = {A5CA7350-4E76-4EEB-8B55-2255FA6FE9A9}
		{12933A48-B856-45B8-B1EF-AF1BC8050609} = {1B11D00A-534D-4DE1-8ECD-B7BEDEAD8BD2}
		{9D98FE0A-ABF8-4A02-8962-7F0C5CFC66E0} = {1A51F50F-7567-4F58-8E30-69B9715D554D}
		{5EFA765E-8597-40B8-8501-74CF4E600055} = {0B54DFA9-0E59-45EC-BAD0-9C2FCA8F17BC}
	EndGlobalSection
	GlobalSection(ProjectConfigurationPlatforms) = postSolution
		{D6A45F54-7771-435A-B7EF-E996C85111C9}.Debug|Any CPU.ActiveCfg = Debug|Any CPU
		{D6A45F54-7771-435A-B7EF-E996C85111C9}.Debug|Any CPU.Build.0 = Debug|Any CPU
		{D6A45F54-7771-435A-B7EF-E996C85111C9}.Release|Any CPU.ActiveCfg = Release|Any CPU
		{D6A45F54-7771-435A-B7EF-E996C85111C9}.Release|Any CPU.Build.0 = Release|Any CPU
		{42EDFF41-7ED0-4CFC-9392-B085C6399540}.Debug|Any CPU.ActiveCfg = Debug|Any CPU
		{42EDFF41-7ED0-4CFC-9392-B085C6399540}.Debug|Any CPU.Build.0 = Debug|Any CPU
		{42EDFF41-7ED0-4CFC-9392-B085C6399540}.Release|Any CPU.ActiveCfg = Release|Any CPU
		{42EDFF41-7ED0-4CFC-9392-B085C6399540}.Release|Any CPU.Build.0 = Release|Any CPU
		{12933A48-B856-45B8-B1EF-AF1BC8050609}.Debug|Any CPU.ActiveCfg = Debug|Any CPU
		{12933A48-B856-45B8-B1EF-AF1BC8050609}.Debug|Any CPU.Build.0 = Debug|Any CPU
		{12933A48-B856-45B8-B1EF-AF1BC8050609}.Release|Any CPU.ActiveCfg = Release|Any CPU
		{12933A48-B856-45B8-B1EF-AF1BC8050609}.Release|Any CPU.Build.0 = Release|Any CPU
		{9D98FE0A-ABF8-4A02-8962-7F0C5CFC66E0}.Debug|Any CPU.ActiveCfg = Debug|Any CPU
		{9D98FE0A-ABF8-4A02-8962-7F0C5CFC66E0}.Debug|Any CPU.Build.0 = Debug|Any CPU
		{9D98FE0A-ABF8-4A02-8962-7F0C5CFC66E0}.Release|Any CPU.ActiveCfg = Release|Any CPU
		{9D98FE0A-ABF8-4A02-8962-7F0C5CFC66E0}.Release|Any CPU.Build.0 = Release|Any CPU
		{5EFA765E-8597-40B8-8501-74CF4E600055}.Debug|Any CPU.ActiveCfg = Debug|Any CPU
		{5EFA765E-8597-40B8-8501-74CF4E600055}.Debug|Any CPU.Build.0 = Debug|Any CPU
		{5EFA765E-8597-40B8-8501-74CF4E600055}.Release|Any CPU.ActiveCfg = Release|Any CPU
		{5EFA765E-8597-40B8-8501-74CF4E600055}.Release|Any CPU.Build.0 = Release|Any CPU
	EndGlobalSection
EndGlobal
